
Microsoft Visual Studio Solution File, Format Version 12.00
# Visual Studio Version 17
VisualStudioVersion = 17.14.36414.22 d17.14
MinimumVisualStudioVersion = 10.0.40219.1
Project("{FAE04EC0-301F-11D3-BF4B-00C04F79EFBC}") = "KikiCourierService", "KikiCourierService\KikiCourierService.csproj", "{F6275EB8-B5AB-4912-A1A9-A72098529881}"
EndProject
Global
	GlobalSection(SolutionConfigurationPlatforms) = preSolution
		Debug|Any CPU = Debug|Any CPU
		Release|Any CPU = Release|Any CPU
	EndGlobalSection
	GlobalSection(ProjectConfigurationPlatforms) = postSolution
		{F6275EB8-B5AB-4912-A1A9-A72098529881}.Debug|Any CPU.ActiveCfg = Debug|Any CPU
		{F6275EB8-B5AB-4912-A1A9-A72098529881}.Debug|Any CPU.Build.0 = Debug|Any CPU
		{F6275EB8-B5AB-4912-A1A9-A72098529881}.Release|Any CPU.ActiveCfg = Release|Any CPU
		{F6275EB8-B5AB-4912-A1A9-A72098529881}.Release|Any CPU.Build.0 = Release|Any CPU
	EndGlobalSection
	GlobalSection(SolutionProperties) = preSolution
		HideSolutionNode = FALSE
	EndGlobalSection
	GlobalSection(ExtensibilityGlobals) = postSolution
		SolutionGuid = {ABBCD3FC-77D9-4F02-AFAC-9A08317AFC1F}
	EndGlobalSection
EndGlobal
